
Microsoft Visual Studio Solution File, Format Version 12.00
# Visual Studio 2013
VisualStudioVersion = 12.0.30723.0
MinimumVisualStudioVersion = 10.0.40219.1
Project("{FAE04EC0-301F-11D3-BF4B-00C04F79EFBC}") = "Fody", "Fody\Fody.csproj", "{C3578A7B-09A6-4444-9383-0DEAFA4958BD}"
EndProject
Project("{FAE04EC0-301F-11D3-BF4B-00C04F79EFBC}") = "Tests", "Tests\Tests.csproj", "{5A86453B-96FB-4B6E-A283-225BB9F753D3}"
	ProjectSection(ProjectDependencies) = postProject
		{DFE56C18-3504-4265-A3FE-7F434B1FD38D} = {DFE56C18-3504-4265-A3FE-7F434B1FD38D}
		{23C29B37-221D-473E-967B-DC423F5F4AB2} = {23C29B37-221D-473E-967B-DC423F5F4AB2}
	EndProjectSection
EndProject
Project("{FAE04EC0-301F-11D3-BF4B-00C04F79EFBC}") = "AssemblyWithoutInterceptor", "AssemblyToProcess\AssemblyWithoutInterceptor.csproj", "{DFE56C18-3504-4265-A3FE-7F434B1FD38D}"
EndProject
Project("{FAE04EC0-301F-11D3-BF4B-00C04F79EFBC}") = "AssemblyWithInterceptor", "AssemblyToProcess\AssemblyWithInterceptor.csproj", "{23C29B37-221D-473E-967B-DC423F5F4AB2}"
EndProject
Project("{FAE04EC0-301F-11D3-BF4B-00C04F79EFBC}") = "ReferenceAssembly", "ReferenceAssembly\ReferenceAssembly.csproj", "{B5AEB0E8-28F4-4955-A055-9C200F7113F0}"
EndProject
Project("{FAE04EC0-301F-11D3-BF4B-00C04F79EFBC}") = "AssemblyWithAttributeOnAssembly", "AssemblyToProcess\AssemblyWithAttributeOnAssembly.csproj", "{54D8A3FC-E7DF-4FF1-8D3F-1CCAF7169CBE}"
EndProject
Project("{FAE04EC0-301F-11D3-BF4B-00C04F79EFBC}") = "AssemblyWithAttributeOnModule", "AssemblyToProcess\AssemblyWithAttributeOnModule.csproj", "{7B07AE87-F53D-4952-A7DB-8A5113A224A7}"
EndProject
Project("{FAE04EC0-301F-11D3-BF4B-00C04F79EFBC}") = "AssemblyWithoutInterceptorAndReference", "AssemblyToProcess\AssemblyWithoutInterceptorAndReference.csproj", "{9318025E-77F4-47A7-99B5-47907EE00A10}"
EndProject
Project("{FAE04EC0-301F-11D3-BF4B-00C04F79EFBC}") = "AssemblyToReference", "AssemblyToReference\AssemblyToReference.csproj", "{8A015E68-6B29-4E20-879A-3E3F47B34A0B}"
EndProject
Project("{FAE04EC0-301F-11D3-BF4B-00C04F79EFBC}") = "AlternateAttribute", "AlternateAttribute\AlternateAttribute.csproj", "{35D4768E-AC7F-4C2F-A8C5-B9AB13447E53}"
EndProject
Project("{FAE04EC0-301F-11D3-BF4B-00C04F79EFBC}") = "AssemblyWithAttributeOnAssemblyAlternate", "AssemblyToProcess\AssemblyWithAttributeOnAssemblyAlternate.csproj", "{CD72F9BB-83B7-4551-B7F1-7B415B78A31D}"
EndProject
Project("{FAE04EC0-301F-11D3-BF4B-00C04F79EFBC}") = "AssemblyWithAttributeOnModuleAlternate", "AssemblyToProcess\AssemblyWithAttributeOnModuleAlternate.csproj", "{B73832D5-B7A5-4567-BA6A-ADFA01AD1688}"
EndProject
Project("{FAE04EC0-301F-11D3-BF4B-00C04F79EFBC}") = "AssemblyWithInterceptorAlternate", "AssemblyToProcess\AssemblyWithInterceptorAlternate.csproj", "{83DD4071-05B9-485C-8908-3C2AE8F11E36}"
EndProject
Project("{FAE04EC0-301F-11D3-BF4B-00C04F79EFBC}") = "AssemblyWithoutInterceptorAlternate", "AssemblyToProcess\AssemblyWithoutInterceptorAlternate.csproj", "{4397AE37-E5C2-43D8-AC0C-2C36C3847FEB}"
EndProject
Project("{FAE04EC0-301F-11D3-BF4B-00C04F79EFBC}") = "AssemblyWithoutInterceptorAndReferenceAlternate", "AssemblyToProcess\AssemblyWithoutInterceptorAndReferenceAlternate.csproj", "{ECE37C2A-792F-4105-98CD-D075C6B94CD1}"
EndProject
Global
	GlobalSection(SolutionConfigurationPlatforms) = preSolution
		Debug|Any CPU = Debug|Any CPU
		Debug|x86 = Debug|x86
		Release|Any CPU = Release|Any CPU
		Release|x86 = Release|x86
	EndGlobalSection
	GlobalSection(ProjectConfigurationPlatforms) = postSolution
		{C3578A7B-09A6-4444-9383-0DEAFA4958BD}.Debug|Any CPU.ActiveCfg = Debug|Any CPU
		{C3578A7B-09A6-4444-9383-0DEAFA4958BD}.Debug|Any CPU.Build.0 = Debug|Any CPU
		{C3578A7B-09A6-4444-9383-0DEAFA4958BD}.Debug|x86.ActiveCfg = Debug|Any CPU
		{C3578A7B-09A6-4444-9383-0DEAFA4958BD}.Release|Any CPU.ActiveCfg = Release|Any CPU
		{C3578A7B-09A6-4444-9383-0DEAFA4958BD}.Release|Any CPU.Build.0 = Release|Any CPU
		{C3578A7B-09A6-4444-9383-0DEAFA4958BD}.Release|x86.ActiveCfg = Release|Any CPU
		{5A86453B-96FB-4B6E-A283-225BB9F753D3}.Debug|Any CPU.ActiveCfg = Debug|Any CPU
		{5A86453B-96FB-4B6E-A283-225BB9F753D3}.Debug|Any CPU.Build.0 = Debug|Any CPU
		{5A86453B-96FB-4B6E-A283-225BB9F753D3}.Debug|x86.ActiveCfg = Debug|Any CPU
		{5A86453B-96FB-4B6E-A283-225BB9F753D3}.Release|Any CPU.ActiveCfg = Release|Any CPU
		{5A86453B-96FB-4B6E-A283-225BB9F753D3}.Release|Any CPU.Build.0 = Release|Any CPU
		{5A86453B-96FB-4B6E-A283-225BB9F753D3}.Release|x86.ActiveCfg = Release|Any CPU
		{DFE56C18-3504-4265-A3FE-7F434B1FD38D}.Debug|Any CPU.ActiveCfg = Debug|Any CPU
		{DFE56C18-3504-4265-A3FE-7F434B1FD38D}.Debug|Any CPU.Build.0 = Debug|Any CPU
		{DFE56C18-3504-4265-A3FE-7F434B1FD38D}.Debug|x86.ActiveCfg = Debug|Any CPU
		{DFE56C18-3504-4265-A3FE-7F434B1FD38D}.Release|Any CPU.ActiveCfg = Release|Any CPU
		{DFE56C18-3504-4265-A3FE-7F434B1FD38D}.Release|Any CPU.Build.0 = Release|Any CPU
		{DFE56C18-3504-4265-A3FE-7F434B1FD38D}.Release|x86.ActiveCfg = Release|Any CPU
		{23C29B37-221D-473E-967B-DC423F5F4AB2}.Debug|Any CPU.ActiveCfg = Debug|Any CPU
		{23C29B37-221D-473E-967B-DC423F5F4AB2}.Debug|Any CPU.Build.0 = Debug|Any CPU
		{23C29B37-221D-473E-967B-DC423F5F4AB2}.Debug|x86.ActiveCfg = Debug|Any CPU
		{23C29B37-221D-473E-967B-DC423F5F4AB2}.Release|Any CPU.ActiveCfg = Release|Any CPU
		{23C29B37-221D-473E-967B-DC423F5F4AB2}.Release|Any CPU.Build.0 = Release|Any CPU
		{23C29B37-221D-473E-967B-DC423F5F4AB2}.Release|x86.ActiveCfg = Release|Any CPU
		{B5AEB0E8-28F4-4955-A055-9C200F7113F0}.Debug|Any CPU.ActiveCfg = Debug|Any CPU
		{B5AEB0E8-28F4-4955-A055-9C200F7113F0}.Debug|Any CPU.Build.0 = Debug|Any CPU
		{B5AEB0E8-28F4-4955-A055-9C200F7113F0}.Debug|x86.ActiveCfg = Debug|Any CPU
		{B5AEB0E8-28F4-4955-A055-9C200F7113F0}.Release|Any CPU.ActiveCfg = Release|Any CPU
		{B5AEB0E8-28F4-4955-A055-9C200F7113F0}.Release|Any CPU.Build.0 = Release|Any CPU
		{B5AEB0E8-28F4-4955-A055-9C200F7113F0}.Release|x86.ActiveCfg = Release|Any CPU
		{54D8A3FC-E7DF-4FF1-8D3F-1CCAF7169CBE}.Debug|Any CPU.ActiveCfg = Debug|Any CPU
		{54D8A3FC-E7DF-4FF1-8D3F-1CCAF7169CBE}.Debug|Any CPU.Build.0 = Debug|Any CPU
		{54D8A3FC-E7DF-4FF1-8D3F-1CCAF7169CBE}.Debug|x86.ActiveCfg = Debug|Any CPU
		{54D8A3FC-E7DF-4FF1-8D3F-1CCAF7169CBE}.Release|Any CPU.ActiveCfg = Release|Any CPU
		{54D8A3FC-E7DF-4FF1-8D3F-1CCAF7169CBE}.Release|Any CPU.Build.0 = Release|Any CPU
		{54D8A3FC-E7DF-4FF1-8D3F-1CCAF7169CBE}.Release|x86.ActiveCfg = Release|Any CPU
		{7B07AE87-F53D-4952-A7DB-8A5113A224A7}.Debug|Any CPU.ActiveCfg = Debug|Any CPU
		{7B07AE87-F53D-4952-A7DB-8A5113A224A7}.Debug|Any CPU.Build.0 = Debug|Any CPU
		{7B07AE87-F53D-4952-A7DB-8A5113A224A7}.Debug|x86.ActiveCfg = Debug|Any CPU
		{7B07AE87-F53D-4952-A7DB-8A5113A224A7}.Release|Any CPU.ActiveCfg = Release|Any CPU
		{7B07AE87-F53D-4952-A7DB-8A5113A224A7}.Release|Any CPU.Build.0 = Release|Any CPU
		{7B07AE87-F53D-4952-A7DB-8A5113A224A7}.Release|x86.ActiveCfg = Release|Any CPU
		{9318025E-77F4-47A7-99B5-47907EE00A10}.Debug|Any CPU.ActiveCfg = Debug|Any CPU
		{9318025E-77F4-47A7-99B5-47907EE00A10}.Debug|Any CPU.Build.0 = Debug|Any CPU
		{9318025E-77F4-47A7-99B5-47907EE00A10}.Debug|x86.ActiveCfg = Debug|Any CPU
		{9318025E-77F4-47A7-99B5-47907EE00A10}.Release|Any CPU.ActiveCfg = Release|Any CPU
		{9318025E-77F4-47A7-99B5-47907EE00A10}.Release|Any CPU.Build.0 = Release|Any CPU
		{9318025E-77F4-47A7-99B5-47907EE00A10}.Release|x86.ActiveCfg = Release|Any CPU
		{8A015E68-6B29-4E20-879A-3E3F47B34A0B}.Debug|Any CPU.ActiveCfg = Debug|Any CPU
		{8A015E68-6B29-4E20-879A-3E3F47B34A0B}.Debug|Any CPU.Build.0 = Debug|Any CPU
		{8A015E68-6B29-4E20-879A-3E3F47B34A0B}.Debug|x86.ActiveCfg = Debug|Any CPU
		{8A015E68-6B29-4E20-879A-3E3F47B34A0B}.Release|Any CPU.ActiveCfg = Release|Any CPU
		{8A015E68-6B29-4E20-879A-3E3F47B34A0B}.Release|Any CPU.Build.0 = Release|Any CPU
		{8A015E68-6B29-4E20-879A-3E3F47B34A0B}.Release|x86.ActiveCfg = Release|Any CPU
		{35D4768E-AC7F-4C2F-A8C5-B9AB13447E53}.Debug|Any CPU.ActiveCfg = Debug|Any CPU
		{35D4768E-AC7F-4C2F-A8C5-B9AB13447E53}.Debug|Any CPU.Build.0 = Debug|Any CPU
		{35D4768E-AC7F-4C2F-A8C5-B9AB13447E53}.Debug|x86.ActiveCfg = Debug|Any CPU
		{35D4768E-AC7F-4C2F-A8C5-B9AB13447E53}.Release|Any CPU.ActiveCfg = Release|Any CPU
		{35D4768E-AC7F-4C2F-A8C5-B9AB13447E53}.Release|Any CPU.Build.0 = Release|Any CPU
		{35D4768E-AC7F-4C2F-A8C5-B9AB13447E53}.Release|x86.ActiveCfg = Release|Any CPU
		{CD72F9BB-83B7-4551-B7F1-7B415B78A31D}.Debug|Any CPU.ActiveCfg = Debug|Any CPU
		{CD72F9BB-83B7-4551-B7F1-7B415B78A31D}.Debug|Any CPU.Build.0 = Debug|Any CPU
		{CD72F9BB-83B7-4551-B7F1-7B415B78A31D}.Debug|x86.ActiveCfg = Debug|Any CPU
		{CD72F9BB-83B7-4551-B7F1-7B415B78A31D}.Release|Any CPU.ActiveCfg = Release|Any CPU
		{CD72F9BB-83B7-4551-B7F1-7B415B78A31D}.Release|Any CPU.Build.0 = Release|Any CPU
		{CD72F9BB-83B7-4551-B7F1-7B415B78A31D}.Release|x86.ActiveCfg = Release|Any CPU
		{B73832D5-B7A5-4567-BA6A-ADFA01AD1688}.Debug|Any CPU.ActiveCfg = Debug|Any CPU
		{B73832D5-B7A5-4567-BA6A-ADFA01AD1688}.Debug|Any CPU.Build.0 = Debug|Any CPU
		{B73832D5-B7A5-4567-BA6A-ADFA01AD1688}.Debug|x86.ActiveCfg = Debug|Any CPU
		{B73832D5-B7A5-4567-BA6A-ADFA01AD1688}.Release|Any CPU.ActiveCfg = Release|Any CPU
		{B73832D5-B7A5-4567-BA6A-ADFA01AD1688}.Release|Any CPU.Build.0 = Release|Any CPU
		{B73832D5-B7A5-4567-BA6A-ADFA01AD1688}.Release|x86.ActiveCfg = Release|Any CPU
		{83DD4071-05B9-485C-8908-3C2AE8F11E36}.Debug|Any CPU.ActiveCfg = Debug|Any CPU
		{83DD4071-05B9-485C-8908-3C2AE8F11E36}.Debug|Any CPU.Build.0 = Debug|Any CPU
		{83DD4071-05B9-485C-8908-3C2AE8F11E36}.Debug|x86.ActiveCfg = Debug|Any CPU
		{83DD4071-05B9-485C-8908-3C2AE8F11E36}.Release|Any CPU.ActiveCfg = Release|Any CPU
		{83DD4071-05B9-485C-8908-3C2AE8F11E36}.Release|Any CPU.Build.0 = Release|Any CPU
		{83DD4071-05B9-485C-8908-3C2AE8F11E36}.Release|x86.ActiveCfg = Release|Any CPU
		{4397AE37-E5C2-43D8-AC0C-2C36C3847FEB}.Debug|Any CPU.ActiveCfg = Debug|Any CPU
		{4397AE37-E5C2-43D8-AC0C-2C36C3847FEB}.Debug|Any CPU.Build.0 = Debug|Any CPU
		{4397AE37-E5C2-43D8-AC0C-2C36C3847FEB}.Debug|x86.ActiveCfg = Debug|Any CPU
		{4397AE37-E5C2-43D8-AC0C-2C36C3847FEB}.Release|Any CPU.ActiveCfg = Release|Any CPU
		{4397AE37-E5C2-43D8-AC0C-2C36C3847FEB}.Release|Any CPU.Build.0 = Release|Any CPU
		{4397AE37-E5C2-43D8-AC0C-2C36C3847FEB}.Release|x86.ActiveCfg = Release|Any CPU
		{ECE37C2A-792F-4105-98CD-D075C6B94CD1}.Debug|Any CPU.ActiveCfg = Debug|Any CPU
		{ECE37C2A-792F-4105-98CD-D075C6B94CD1}.Debug|Any CPU.Build.0 = Debug|Any CPU
		{ECE37C2A-792F-4105-98CD-D075C6B94CD1}.Debug|x86.ActiveCfg = Debug|Any CPU
		{ECE37C2A-792F-4105-98CD-D075C6B94CD1}.Release|Any CPU.ActiveCfg = Release|Any CPU
		{ECE37C2A-792F-4105-98CD-D075C6B94CD1}.Release|Any CPU.Build.0 = Release|Any CPU
		{ECE37C2A-792F-4105-98CD-D075C6B94CD1}.Release|x86.ActiveCfg = Release|Any CPU
	EndGlobalSection
	GlobalSection(SolutionProperties) = preSolution
		HideSolutionNode = FALSE
	EndGlobalSection
EndGlobal
