
Microsoft Visual Studio Solution File, Format Version 12.00
# Visual Studio 15
VisualStudioVersion = 15.0.26403.7
MinimumVisualStudioVersion = 14.0.22823.1
Project("{FAE04EC0-301F-11D3-BF4B-00C04F79EFBC}") = "Fody", "Fody\Fody.csproj", "{C3578A7B-09A6-4444-9383-0DEAFA4958BD}"
EndProject
Project("{FAE04EC0-301F-11D3-BF4B-00C04F79EFBC}") = "Tests", "Tests\Tests.csproj", "{5A86453B-96FB-4B6E-A283-225BB9F753D3}"
	ProjectSection(ProjectDependencies) = postProject
		{DFE56C18-3504-4265-A3FE-7F434B1FD38D} = {DFE56C18-3504-4265-A3FE-7F434B1FD38D}
		{FB284053-FFAA-4866-820B-CED00B3CB4C2} = {FB284053-FFAA-4866-820B-CED00B3CB4C2}
	EndProjectSection
EndProject
Project("{FAE04EC0-301F-11D3-BF4B-00C04F79EFBC}") = "AssemblyWithoutInterceptor", "AssemblyWithoutInterceptor\AssemblyWithoutInterceptor.csproj", "{DFE56C18-3504-4265-A3FE-7F434B1FD38D}"
EndProject
Project("{FAE04EC0-301F-11D3-BF4B-00C04F79EFBC}") = "ReferenceAssembly", "ReferenceAssembly\ReferenceAssembly.csproj", "{B5AEB0E8-28F4-4955-A055-9C200F7113F0}"
EndProject
Project("{FAE04EC0-301F-11D3-BF4B-00C04F79EFBC}") = "AssemblyToReference", "AssemblyToReference\AssemblyToReference.csproj", "{8A015E68-6B29-4E20-879A-3E3F47B34A0B}"
EndProject
Project("{FAE04EC0-301F-11D3-BF4B-00C04F79EFBC}") = "AssemblyWithInterceptorInReference", "AssemblyWIthInterceptorInReference\AssemblyWithInterceptorInReference.csproj", "{918E4285-60A4-4C1A-8CAA-E257F6A0C564}"
EndProject
Project("{FAE04EC0-301F-11D3-BF4B-00C04F79EFBC}") = "AssemblyWithInterceptor", "AssemblyWithInterceptor\AssemblyWithInterceptor.csproj", "{EB33F608-2124-4128-820F-DC4E07E88028}"
EndProject
Project("{FAE04EC0-301F-11D3-BF4B-00C04F79EFBC}") = "AssemblyWithAttributeOnModule", "AssemblyWithAttributeOnModule\AssemblyWithAttributeOnModule.csproj", "{35205183-E7A9-4584-9BAC-D5D103346C84}"
EndProject
Project("{FAE04EC0-301F-11D3-BF4B-00C04F79EFBC}") = "AssemblyWithAttributeOnAssembly", "AssemblyWithAttributeOnAssembly\AssemblyWithAttributeOnAssembly.csproj", "{6C028879-7E51-44E3-A3C4-0A01353EEF19}"
EndProject
Project("{FAE04EC0-301F-11D3-BF4B-00C04F79EFBC}") = "AssemblyWithNopInterceptor", "AssemblyWithNopInterceptor\AssemblyWithNopInterceptor.csproj", "{FB284053-FFAA-4866-820B-CED00B3CB4C2}"
EndProject
Project("{FAE04EC0-301F-11D3-BF4B-00C04F79EFBC}") = "AssemblyWithInterceptorAndFormattingWithoutOverload", "AssemblyWithInterceptorAndFormattingWithoutOverload\AssemblyWithInterceptorAndFormattingWithoutOverload.csproj", "{6AD809B4-8589-4B03-9D9C-7524C774F425}"
EndProject
Project("{FAE04EC0-301F-11D3-BF4B-00C04F79EFBC}") = "AssemblyWithInterceptorAndFormatting", "AssemblyWithInterceptorAndFormatting\AssemblyWithInterceptorAndFormatting.csproj", "{A98F0A2C-6707-49E1-8D3F-ACFF0321B4F3}"
EndProject
Project("{FAE04EC0-301F-11D3-BF4B-00C04F79EFBC}") = "AssemblyWithInterceptorAndFormattingWithWrongParameters", "AssemblyWithInterceptorAndFormattingWithWrongParameters\AssemblyWithInterceptorAndFormattingWithWrongParameters.csproj", "{BD3C1F7C-DBEE-4C57-86D2-0074145A7566}"
EndProject
Global
	GlobalSection(SolutionConfigurationPlatforms) = preSolution
		Debug|Any CPU = Debug|Any CPU
		Debug|x86 = Debug|x86
		Release|Any CPU = Release|Any CPU
		Release|x86 = Release|x86
	EndGlobalSection
	GlobalSection(ProjectConfigurationPlatforms) = postSolution
		{C3578A7B-09A6-4444-9383-0DEAFA4958BD}.Debug|Any CPU.ActiveCfg = Debug|Any CPU
		{C3578A7B-09A6-4444-9383-0DEAFA4958BD}.Debug|Any CPU.Build.0 = Debug|Any CPU
		{C3578A7B-09A6-4444-9383-0DEAFA4958BD}.Debug|x86.ActiveCfg = Debug|Any CPU
		{C3578A7B-09A6-4444-9383-0DEAFA4958BD}.Release|Any CPU.ActiveCfg = Release|Any CPU
		{C3578A7B-09A6-4444-9383-0DEAFA4958BD}.Release|Any CPU.Build.0 = Release|Any CPU
		{C3578A7B-09A6-4444-9383-0DEAFA4958BD}.Release|x86.ActiveCfg = Release|Any CPU
		{5A86453B-96FB-4B6E-A283-225BB9F753D3}.Debug|Any CPU.ActiveCfg = Debug|Any CPU
		{5A86453B-96FB-4B6E-A283-225BB9F753D3}.Debug|Any CPU.Build.0 = Debug|Any CPU
		{5A86453B-96FB-4B6E-A283-225BB9F753D3}.Debug|x86.ActiveCfg = Debug|Any CPU
		{5A86453B-96FB-4B6E-A283-225BB9F753D3}.Release|Any CPU.ActiveCfg = Release|Any CPU
		{5A86453B-96FB-4B6E-A283-225BB9F753D3}.Release|Any CPU.Build.0 = Release|Any CPU
		{5A86453B-96FB-4B6E-A283-225BB9F753D3}.Release|x86.ActiveCfg = Release|Any CPU
		{DFE56C18-3504-4265-A3FE-7F434B1FD38D}.Debug|Any CPU.ActiveCfg = Debug|Any CPU
		{DFE56C18-3504-4265-A3FE-7F434B1FD38D}.Debug|Any CPU.Build.0 = Debug|Any CPU
		{DFE56C18-3504-4265-A3FE-7F434B1FD38D}.Debug|x86.ActiveCfg = Debug|Any CPU
		{DFE56C18-3504-4265-A3FE-7F434B1FD38D}.Release|Any CPU.ActiveCfg = Release|Any CPU
		{DFE56C18-3504-4265-A3FE-7F434B1FD38D}.Release|Any CPU.Build.0 = Release|Any CPU
		{DFE56C18-3504-4265-A3FE-7F434B1FD38D}.Release|x86.ActiveCfg = Release|Any CPU
		{B5AEB0E8-28F4-4955-A055-9C200F7113F0}.Debug|Any CPU.ActiveCfg = Debug|Any CPU
		{B5AEB0E8-28F4-4955-A055-9C200F7113F0}.Debug|Any CPU.Build.0 = Debug|Any CPU
		{B5AEB0E8-28F4-4955-A055-9C200F7113F0}.Debug|x86.ActiveCfg = Debug|Any CPU
		{B5AEB0E8-28F4-4955-A055-9C200F7113F0}.Release|Any CPU.ActiveCfg = Release|Any CPU
		{B5AEB0E8-28F4-4955-A055-9C200F7113F0}.Release|Any CPU.Build.0 = Release|Any CPU
		{B5AEB0E8-28F4-4955-A055-9C200F7113F0}.Release|x86.ActiveCfg = Release|Any CPU
		{8A015E68-6B29-4E20-879A-3E3F47B34A0B}.Debug|Any CPU.ActiveCfg = Debug|Any CPU
		{8A015E68-6B29-4E20-879A-3E3F47B34A0B}.Debug|Any CPU.Build.0 = Debug|Any CPU
		{8A015E68-6B29-4E20-879A-3E3F47B34A0B}.Debug|x86.ActiveCfg = Debug|Any CPU
		{8A015E68-6B29-4E20-879A-3E3F47B34A0B}.Release|Any CPU.ActiveCfg = Release|Any CPU
		{8A015E68-6B29-4E20-879A-3E3F47B34A0B}.Release|Any CPU.Build.0 = Release|Any CPU
		{8A015E68-6B29-4E20-879A-3E3F47B34A0B}.Release|x86.ActiveCfg = Release|Any CPU
		{918E4285-60A4-4C1A-8CAA-E257F6A0C564}.Debug|Any CPU.ActiveCfg = Debug|Any CPU
		{918E4285-60A4-4C1A-8CAA-E257F6A0C564}.Debug|Any CPU.Build.0 = Debug|Any CPU
		{918E4285-60A4-4C1A-8CAA-E257F6A0C564}.Debug|x86.ActiveCfg = Debug|Any CPU
		{918E4285-60A4-4C1A-8CAA-E257F6A0C564}.Release|Any CPU.ActiveCfg = Release|Any CPU
		{918E4285-60A4-4C1A-8CAA-E257F6A0C564}.Release|Any CPU.Build.0 = Release|Any CPU
		{918E4285-60A4-4C1A-8CAA-E257F6A0C564}.Release|x86.ActiveCfg = Release|Any CPU
		{EB33F608-2124-4128-820F-DC4E07E88028}.Debug|Any CPU.ActiveCfg = Debug|Any CPU
		{EB33F608-2124-4128-820F-DC4E07E88028}.Debug|Any CPU.Build.0 = Debug|Any CPU
		{EB33F608-2124-4128-820F-DC4E07E88028}.Debug|x86.ActiveCfg = Debug|Any CPU
		{EB33F608-2124-4128-820F-DC4E07E88028}.Release|Any CPU.ActiveCfg = Release|Any CPU
		{EB33F608-2124-4128-820F-DC4E07E88028}.Release|Any CPU.Build.0 = Release|Any CPU
		{EB33F608-2124-4128-820F-DC4E07E88028}.Release|x86.ActiveCfg = Release|Any CPU
		{35205183-E7A9-4584-9BAC-D5D103346C84}.Debug|Any CPU.ActiveCfg = Debug|Any CPU
		{35205183-E7A9-4584-9BAC-D5D103346C84}.Debug|Any CPU.Build.0 = Debug|Any CPU
		{35205183-E7A9-4584-9BAC-D5D103346C84}.Debug|x86.ActiveCfg = Debug|Any CPU
		{35205183-E7A9-4584-9BAC-D5D103346C84}.Release|Any CPU.ActiveCfg = Release|Any CPU
		{35205183-E7A9-4584-9BAC-D5D103346C84}.Release|Any CPU.Build.0 = Release|Any CPU
		{35205183-E7A9-4584-9BAC-D5D103346C84}.Release|x86.ActiveCfg = Release|Any CPU
		{6C028879-7E51-44E3-A3C4-0A01353EEF19}.Debug|Any CPU.ActiveCfg = Debug|Any CPU
		{6C028879-7E51-44E3-A3C4-0A01353EEF19}.Debug|Any CPU.Build.0 = Debug|Any CPU
		{6C028879-7E51-44E3-A3C4-0A01353EEF19}.Debug|x86.ActiveCfg = Debug|Any CPU
		{6C028879-7E51-44E3-A3C4-0A01353EEF19}.Release|Any CPU.ActiveCfg = Release|Any CPU
		{6C028879-7E51-44E3-A3C4-0A01353EEF19}.Release|Any CPU.Build.0 = Release|Any CPU
		{6C028879-7E51-44E3-A3C4-0A01353EEF19}.Release|x86.ActiveCfg = Release|Any CPU
		{FB284053-FFAA-4866-820B-CED00B3CB4C2}.Debug|Any CPU.ActiveCfg = Debug|Any CPU
		{FB284053-FFAA-4866-820B-CED00B3CB4C2}.Debug|Any CPU.Build.0 = Debug|Any CPU
		{FB284053-FFAA-4866-820B-CED00B3CB4C2}.Debug|x86.ActiveCfg = Debug|Any CPU
		{FB284053-FFAA-4866-820B-CED00B3CB4C2}.Debug|x86.Build.0 = Debug|Any CPU
		{FB284053-FFAA-4866-820B-CED00B3CB4C2}.Release|Any CPU.ActiveCfg = Release|Any CPU
		{FB284053-FFAA-4866-820B-CED00B3CB4C2}.Release|Any CPU.Build.0 = Release|Any CPU
		{FB284053-FFAA-4866-820B-CED00B3CB4C2}.Release|x86.ActiveCfg = Release|Any CPU
		{FB284053-FFAA-4866-820B-CED00B3CB4C2}.Release|x86.Build.0 = Release|Any CPU
		{6AD809B4-8589-4B03-9D9C-7524C774F425}.Debug|Any CPU.ActiveCfg = Debug|Any CPU
		{6AD809B4-8589-4B03-9D9C-7524C774F425}.Debug|Any CPU.Build.0 = Debug|Any CPU
		{6AD809B4-8589-4B03-9D9C-7524C774F425}.Debug|x86.ActiveCfg = Debug|Any CPU
		{6AD809B4-8589-4B03-9D9C-7524C774F425}.Debug|x86.Build.0 = Debug|Any CPU
		{6AD809B4-8589-4B03-9D9C-7524C774F425}.Release|Any CPU.ActiveCfg = Release|Any CPU
		{6AD809B4-8589-4B03-9D9C-7524C774F425}.Release|Any CPU.Build.0 = Release|Any CPU
		{6AD809B4-8589-4B03-9D9C-7524C774F425}.Release|x86.ActiveCfg = Release|Any CPU
		{6AD809B4-8589-4B03-9D9C-7524C774F425}.Release|x86.Build.0 = Release|Any CPU
		{A98F0A2C-6707-49E1-8D3F-ACFF0321B4F3}.Debug|Any CPU.ActiveCfg = Debug|Any CPU
		{A98F0A2C-6707-49E1-8D3F-ACFF0321B4F3}.Debug|Any CPU.Build.0 = Debug|Any CPU
		{A98F0A2C-6707-49E1-8D3F-ACFF0321B4F3}.Debug|x86.ActiveCfg = Debug|Any CPU
		{A98F0A2C-6707-49E1-8D3F-ACFF0321B4F3}.Debug|x86.Build.0 = Debug|Any CPU
		{A98F0A2C-6707-49E1-8D3F-ACFF0321B4F3}.Release|Any CPU.ActiveCfg = Release|Any CPU
		{A98F0A2C-6707-49E1-8D3F-ACFF0321B4F3}.Release|Any CPU.Build.0 = Release|Any CPU
		{A98F0A2C-6707-49E1-8D3F-ACFF0321B4F3}.Release|x86.ActiveCfg = Release|Any CPU
		{A98F0A2C-6707-49E1-8D3F-ACFF0321B4F3}.Release|x86.Build.0 = Release|Any CPU
		{BD3C1F7C-DBEE-4C57-86D2-0074145A7566}.Debug|Any CPU.ActiveCfg = Debug|Any CPU
		{BD3C1F7C-DBEE-4C57-86D2-0074145A7566}.Debug|Any CPU.Build.0 = Debug|Any CPU
		{BD3C1F7C-DBEE-4C57-86D2-0074145A7566}.Debug|x86.ActiveCfg = Debug|Any CPU
		{BD3C1F7C-DBEE-4C57-86D2-0074145A7566}.Debug|x86.Build.0 = Debug|Any CPU
		{BD3C1F7C-DBEE-4C57-86D2-0074145A7566}.Release|Any CPU.ActiveCfg = Release|Any CPU
		{BD3C1F7C-DBEE-4C57-86D2-0074145A7566}.Release|Any CPU.Build.0 = Release|Any CPU
		{BD3C1F7C-DBEE-4C57-86D2-0074145A7566}.Release|x86.ActiveCfg = Release|Any CPU
		{BD3C1F7C-DBEE-4C57-86D2-0074145A7566}.Release|x86.Build.0 = Release|Any CPU
	EndGlobalSection
	GlobalSection(SolutionProperties) = preSolution
		HideSolutionNode = FALSE
	EndGlobalSection
EndGlobal
